
Microsoft Visual Studio Solution File, Format Version 11.00
# Visual Studio 2010
Project("{FAE04EC0-301F-11D3-BF4B-00C04F79EFBC}") = "Fungus", "Fungus.csproj", "{a688628e-06d6-2984-2f9d-d17a8582860c}"
EndProject
Project("{FAE04EC0-301F-11D3-BF4B-00C04F79EFBC}") = "UniTask", "UniTask.csproj", "{77f00a58-24d7-5090-3484-57fd96f7b2a9}"
EndProject
Project("{FAE04EC0-301F-11D3-BF4B-00C04F79EFBC}") = "Assembly-CSharp", "Assembly-CSharp.csproj", "{a1604484-b28f-c29b-fde3-5641909d285a}"
EndProject
Project("{FAE04EC0-301F-11D3-BF4B-00C04F79EFBC}") = "UniTask.Linq", "UniTask.Linq.csproj", "{e0372fb9-9ede-f8d1-710d-1f4149da28d7}"
EndProject
Project("{FAE04EC0-301F-11D3-BF4B-00C04F79EFBC}") = "spine-unity", "spine-unity.csproj", "{1c6a04d6-6fc0-300e-2b23-052f4ac219b3}"
EndProject
Project("{FAE04EC0-301F-11D3-BF4B-00C04F79EFBC}") = "spine-unity-examples", "spine-unity-examples.csproj", "{c50f04ad-8995-82ed-cc52-158048d6a710}"
EndProject
Project("{FAE04EC0-301F-11D3-BF4B-00C04F79EFBC}") = "spine-timeline", "spine-timeline.csproj", "{e510b271-737a-f839-0b59-7e60786a0fab}"
EndProject
Project("{FAE04EC0-301F-11D3-BF4B-00C04F79EFBC}") = "UniTask.DOTween", "UniTask.DOTween.csproj", "{08c4cf65-4022-2aee-5a97-0fb3e3a587a7}"
EndProject
Project("{FAE04EC0-301F-11D3-BF4B-00C04F79EFBC}") = "FungusExamples", "FungusExamples.csproj", "{4be4bba5-8960-c662-99c6-24e50b677946}"
EndProject
Project("{FAE04EC0-301F-11D3-BF4B-00C04F79EFBC}") = "UniTask.Addressables", "UniTask.Addressables.csproj", "{7d339204-a599-380c-b176-49fa9ad0910b}"
EndProject
Project("{FAE04EC0-301F-11D3-BF4B-00C04F79EFBC}") = "UniTask.TextMeshPro", "UniTask.TextMeshPro.csproj", "{29b44055-05d9-a61a-d119-45fff88f12a9}"
EndProject
Project("{FAE04EC0-301F-11D3-BF4B-00C04F79EFBC}") = "FungusPlayModeTests", "FungusPlayModeTests.csproj", "{16e75e29-7bee-6f0e-d444-b69657b2852c}"
EndProject
Project("{FAE04EC0-301F-11D3-BF4B-00C04F79EFBC}") = "FungusEditor", "FungusEditor.csproj", "{1203bb5a-3ec3-3140-1cef-4c248ac542df}"
EndProject
Project("{FAE04EC0-301F-11D3-BF4B-00C04F79EFBC}") = "FungusEditorTests", "FungusEditorTests.csproj", "{c75af8bf-e101-5a6c-a7d7-7af7d64c4ac0}"
EndProject
Project("{FAE04EC0-301F-11D3-BF4B-00C04F79EFBC}") = "Fungus.FungusLuaJSONCheckerEditor", "Fungus.FungusLuaJSONCheckerEditor.csproj", "{96b8a8a3-2203-f98c-219c-80ea580b9f2a}"
EndProject
Project("{FAE04EC0-301F-11D3-BF4B-00C04F79EFBC}") = "Assembly-CSharp-Editor", "Assembly-CSharp-Editor.csproj", "{87989255-3651-6f10-e508-92a4551b99dc}"
EndProject
Project("{FAE04EC0-301F-11D3-BF4B-00C04F79EFBC}") = "spine-unity-editor", "spine-unity-editor.csproj", "{ce5147e5-19f9-fdd6-efaf-120a7a6ed074}"
EndProject
Project("{FAE04EC0-301F-11D3-BF4B-00C04F79EFBC}") = "spine-timeline-editor", "spine-timeline-editor.csproj", "{8b7e9646-27ed-449e-58ae-49bbaacb4fa2}"
EndProject
Project("{FAE04EC0-301F-11D3-BF4B-00C04F79EFBC}") = "Fungus.FungusLuaEditor", "Fungus.FungusLuaEditor.csproj", "{6eddd5b6-bb86-33c3-8a95-6ed309bf5b1b}"
EndProject
Project("{FAE04EC0-301F-11D3-BF4B-00C04F79EFBC}") = "UniTask.Editor", "UniTask.Editor.csproj", "{0a9a467f-a744-eeec-33a0-8be0b2071ba9}"
EndProject
Project("{FAE04EC0-301F-11D3-BF4B-00C04F79EFBC}") = "spine-unity-examples-editor", "spine-unity-examples-editor.csproj", "{794cee2e-7179-f745-4308-96e854c5c5ab}"
EndProject
Project("{FAE04EC0-301F-11D3-BF4B-00C04F79EFBC}") = "Fungus.LineEndingsEditor", "Fungus.LineEndingsEditor.csproj", "{0eea7a1b-cc9f-0fc6-044d-5dc97d79b3da}"
EndProject
Project("{FAE04EC0-301F-11D3-BF4B-00C04F79EFBC}") = "Fungus.UsfxrEditor", "Fungus.UsfxrEditor.csproj", "{5088e5a9-8afe-0ac0-acf3-188200b5d2dc}"
EndProject
Project("{FAE04EC0-301F-11D3-BF4B-00C04F79EFBC}") = "Assembly-CSharp-firstpass", "Assembly-CSharp-firstpass.csproj", "{aa12f1ff-e25a-c49f-4385-1130631d0f6f}"
EndProject
Global
	GlobalSection(SolutionConfigurationPlatforms) = preSolution
		Debug|Any CPU = Debug|Any CPU
	EndGlobalSection
	GlobalSection(ProjectConfigurationPlatforms) = postSolution
		{a688628e-06d6-2984-2f9d-d17a8582860c}.Debug|Any CPU.ActiveCfg = Debug|Any CPU
		{a688628e-06d6-2984-2f9d-d17a8582860c}.Debug|Any CPU.Build.0 = Debug|Any CPU
		{77f00a58-24d7-5090-3484-57fd96f7b2a9}.Debug|Any CPU.ActiveCfg = Debug|Any CPU
		{77f00a58-24d7-5090-3484-57fd96f7b2a9}.Debug|Any CPU.Build.0 = Debug|Any CPU
		{a1604484-b28f-c29b-fde3-5641909d285a}.Debug|Any CPU.ActiveCfg = Debug|Any CPU
		{a1604484-b28f-c29b-fde3-5641909d285a}.Debug|Any CPU.Build.0 = Debug|Any CPU
		{e0372fb9-9ede-f8d1-710d-1f4149da28d7}.Debug|Any CPU.ActiveCfg = Debug|Any CPU
		{e0372fb9-9ede-f8d1-710d-1f4149da28d7}.Debug|Any CPU.Build.0 = Debug|Any CPU
		{1c6a04d6-6fc0-300e-2b23-052f4ac219b3}.Debug|Any CPU.ActiveCfg = Debug|Any CPU
		{1c6a04d6-6fc0-300e-2b23-052f4ac219b3}.Debug|Any CPU.Build.0 = Debug|Any CPU
		{c50f04ad-8995-82ed-cc52-158048d6a710}.Debug|Any CPU.ActiveCfg = Debug|Any CPU
		{c50f04ad-8995-82ed-cc52-158048d6a710}.Debug|Any CPU.Build.0 = Debug|Any CPU
		{e510b271-737a-f839-0b59-7e60786a0fab}.Debug|Any CPU.ActiveCfg = Debug|Any CPU
		{e510b271-737a-f839-0b59-7e60786a0fab}.Debug|Any CPU.Build.0 = Debug|Any CPU
		{08c4cf65-4022-2aee-5a97-0fb3e3a587a7}.Debug|Any CPU.ActiveCfg = Debug|Any CPU
		{08c4cf65-4022-2aee-5a97-0fb3e3a587a7}.Debug|Any CPU.Build.0 = Debug|Any CPU
		{4be4bba5-8960-c662-99c6-24e50b677946}.Debug|Any CPU.ActiveCfg = Debug|Any CPU
		{4be4bba5-8960-c662-99c6-24e50b677946}.Debug|Any CPU.Build.0 = Debug|Any CPU
		{7d339204-a599-380c-b176-49fa9ad0910b}.Debug|Any CPU.ActiveCfg = Debug|Any CPU
		{7d339204-a599-380c-b176-49fa9ad0910b}.Debug|Any CPU.Build.0 = Debug|Any CPU
		{29b44055-05d9-a61a-d119-45fff88f12a9}.Debug|Any CPU.ActiveCfg = Debug|Any CPU
		{29b44055-05d9-a61a-d119-45fff88f12a9}.Debug|Any CPU.Build.0 = Debug|Any CPU
		{16e75e29-7bee-6f0e-d444-b69657b2852c}.Debug|Any CPU.ActiveCfg = Debug|Any CPU
		{16e75e29-7bee-6f0e-d444-b69657b2852c}.Debug|Any CPU.Build.0 = Debug|Any CPU
		{1203bb5a-3ec3-3140-1cef-4c248ac542df}.Debug|Any CPU.ActiveCfg = Debug|Any CPU
		{1203bb5a-3ec3-3140-1cef-4c248ac542df}.Debug|Any CPU.Build.0 = Debug|Any CPU
		{c75af8bf-e101-5a6c-a7d7-7af7d64c4ac0}.Debug|Any CPU.ActiveCfg = Debug|Any CPU
		{c75af8bf-e101-5a6c-a7d7-7af7d64c4ac0}.Debug|Any CPU.Build.0 = Debug|Any CPU
		{96b8a8a3-2203-f98c-219c-80ea580b9f2a}.Debug|Any CPU.ActiveCfg = Debug|Any CPU
		{96b8a8a3-2203-f98c-219c-80ea580b9f2a}.Debug|Any CPU.Build.0 = Debug|Any CPU
		{87989255-3651-6f10-e508-92a4551b99dc}.Debug|Any CPU.ActiveCfg = Debug|Any CPU
		{87989255-3651-6f10-e508-92a4551b99dc}.Debug|Any CPU.Build.0 = Debug|Any CPU
		{ce5147e5-19f9-fdd6-efaf-120a7a6ed074}.Debug|Any CPU.ActiveCfg = Debug|Any CPU
		{ce5147e5-19f9-fdd6-efaf-120a7a6ed074}.Debug|Any CPU.Build.0 = Debug|Any CPU
		{8b7e9646-27ed-449e-58ae-49bbaacb4fa2}.Debug|Any CPU.ActiveCfg = Debug|Any CPU
		{8b7e9646-27ed-449e-58ae-49bbaacb4fa2}.Debug|Any CPU.Build.0 = Debug|Any CPU
		{6eddd5b6-bb86-33c3-8a95-6ed309bf5b1b}.Debug|Any CPU.ActiveCfg = Debug|Any CPU
		{6eddd5b6-bb86-33c3-8a95-6ed309bf5b1b}.Debug|Any CPU.Build.0 = Debug|Any CPU
		{0a9a467f-a744-eeec-33a0-8be0b2071ba9}.Debug|Any CPU.ActiveCfg = Debug|Any CPU
		{0a9a467f-a744-eeec-33a0-8be0b2071ba9}.Debug|Any CPU.Build.0 = Debug|Any CPU
		{794cee2e-7179-f745-4308-96e854c5c5ab}.Debug|Any CPU.ActiveCfg = Debug|Any CPU
		{794cee2e-7179-f745-4308-96e854c5c5ab}.Debug|Any CPU.Build.0 = Debug|Any CPU
		{0eea7a1b-cc9f-0fc6-044d-5dc97d79b3da}.Debug|Any CPU.ActiveCfg = Debug|Any CPU
		{0eea7a1b-cc9f-0fc6-044d-5dc97d79b3da}.Debug|Any CPU.Build.0 = Debug|Any CPU
		{5088e5a9-8afe-0ac0-acf3-188200b5d2dc}.Debug|Any CPU.ActiveCfg = Debug|Any CPU
		{5088e5a9-8afe-0ac0-acf3-188200b5d2dc}.Debug|Any CPU.Build.0 = Debug|Any CPU
		{aa12f1ff-e25a-c49f-4385-1130631d0f6f}.Debug|Any CPU.ActiveCfg = Debug|Any CPU
		{aa12f1ff-e25a-c49f-4385-1130631d0f6f}.Debug|Any CPU.Build.0 = Debug|Any CPU
	EndGlobalSection
	GlobalSection(SolutionProperties) = preSolution
		HideSolutionNode = FALSE
	EndGlobalSection
EndGlobal
